
Microsoft Visual Studio Solution File, Format Version 12.00
# Visual Studio Version 17
VisualStudioVersion = 17.11.35327.3
MinimumVisualStudioVersion = 10.0.40219.1
Project("{9A19103F-16F7-4668-BE54-9A1E7A4F7556}") = "ReExamHelp", "ReExamHelp\ReExamHelp.csproj", "{7F671AAD-77B9-4604-91BF-EEB6405945AE}"
EndProject
Project("{FAE04EC0-301F-11D3-BF4B-00C04F79EFBC}") = "SpgTest", "SpgTest\SpgTest.csproj", "{9988FB08-289E-4071-AB8E-B279B426CA30}"
EndProject
Project("{FAE04EC0-301F-11D3-BF4B-00C04F79EFBC}") = "Spg11MoviesAPI", "Spg11MoviesAPI\Spg11MoviesAPI.csproj", "{11908D95-3C74-4F0E-9D42-62FD030788CD}"
EndProject
Project("{FAE04EC0-301F-11D3-BF4B-00C04F79EFBC}") = "Spg12ContractsAPI", "Spg12ContractsAPI\Spg12ContractsAPI.csproj", "{0DDDB79E-5136-4783-B015-BF34DCCB4948}"
EndProject
Project("{FAE04EC0-301F-11D3-BF4B-00C04F79EFBC}") = "Spg13Pets", "Spg13Pets\Spg13Pets.csproj", "{96FF0CC2-1E6C-474C-882E-40A75FA9F9DE}"
EndProject
Global
	GlobalSection(SolutionConfigurationPlatforms) = preSolution
		Debug|Any CPU = Debug|Any CPU
		Release|Any CPU = Release|Any CPU
	EndGlobalSection
	GlobalSection(ProjectConfigurationPlatforms) = postSolution
		{7F671AAD-77B9-4604-91BF-EEB6405945AE}.Debug|Any CPU.ActiveCfg = Debug|Any CPU
		{7F671AAD-77B9-4604-91BF-EEB6405945AE}.Debug|Any CPU.Build.0 = Debug|Any CPU
		{7F671AAD-77B9-4604-91BF-EEB6405945AE}.Release|Any CPU.ActiveCfg = Release|Any CPU
		{7F671AAD-77B9-4604-91BF-EEB6405945AE}.Release|Any CPU.Build.0 = Release|Any CPU
		{9988FB08-289E-4071-AB8E-B279B426CA30}.Debug|Any CPU.ActiveCfg = Debug|Any CPU
		{9988FB08-289E-4071-AB8E-B279B426CA30}.Debug|Any CPU.Build.0 = Debug|Any CPU
		{9988FB08-289E-4071-AB8E-B279B426CA30}.Release|Any CPU.ActiveCfg = Release|Any CPU
		{9988FB08-289E-4071-AB8E-B279B426CA30}.Release|Any CPU.Build.0 = Release|Any CPU
		{11908D95-3C74-4F0E-9D42-62FD030788CD}.Debug|Any CPU.ActiveCfg = Debug|Any CPU
		{11908D95-3C74-4F0E-9D42-62FD030788CD}.Debug|Any CPU.Build.0 = Debug|Any CPU
		{11908D95-3C74-4F0E-9D42-62FD030788CD}.Release|Any CPU.ActiveCfg = Release|Any CPU
		{11908D95-3C74-4F0E-9D42-62FD030788CD}.Release|Any CPU.Build.0 = Release|Any CPU
		{0DDDB79E-5136-4783-B015-BF34DCCB4948}.Debug|Any CPU.ActiveCfg = Debug|Any CPU
		{0DDDB79E-5136-4783-B015-BF34DCCB4948}.Debug|Any CPU.Build.0 = Debug|Any CPU
		{0DDDB79E-5136-4783-B015-BF34DCCB4948}.Release|Any CPU.ActiveCfg = Release|Any CPU
		{0DDDB79E-5136-4783-B015-BF34DCCB4948}.Release|Any CPU.Build.0 = Release|Any CPU
		{96FF0CC2-1E6C-474C-882E-40A75FA9F9DE}.Debug|Any CPU.ActiveCfg = Debug|Any CPU
		{96FF0CC2-1E6C-474C-882E-40A75FA9F9DE}.Debug|Any CPU.Build.0 = Debug|Any CPU
		{96FF0CC2-1E6C-474C-882E-40A75FA9F9DE}.Release|Any CPU.ActiveCfg = Release|Any CPU
		{96FF0CC2-1E6C-474C-882E-40A75FA9F9DE}.Release|Any CPU.Build.0 = Release|Any CPU
	EndGlobalSection
	GlobalSection(SolutionProperties) = preSolution
		HideSolutionNode = FALSE
	EndGlobalSection
	GlobalSection(ExtensibilityGlobals) = postSolution
		SolutionGuid = {9FCC66F4-6A5C-4960-A3A1-2674ADD365CC}
	EndGlobalSection
EndGlobal
